<?xml version="1.0" encoding="utf-8"?>
<Project ToolsVersion="4.0" xmlns="http://schemas.microsoft.com/developer/msbuild/2003">
  <ItemGroup>
    <Filter Include="Header Files">
      <UniqueIdentifier>{93995380-89BD-4b04-88EB-625FBE52EBFB}</UniqueIdentifier>
      <Extensions>h;hh;hpp;hxx;hm;inl;inc;xsd</Extensions>
    </Filter>
    <Filter Include="biu">
      <UniqueIdentifier>{de00926f-7a5b-469a-a948-931ef9b76444}</UniqueIdentifier>
    </Filter>
    <Filter Include="exu">
      <UniqueIdentifier>{1673c389-a9f4-4fe5-85ba-d7d38389b6d5}</UniqueIdentifier>
    </Filter>
  </ItemGroup>
  <ItemGroup>
    <ClCompile Include="src\exu\exu_flags.c">
      <Filter>exu</Filter>
    </ClCompile>
    <ClCompile Include="src\exu\exu_registers.c">
      <Filter>exu</Filter>
    </ClCompile>
    <ClCompile Include="src\exu\exu_stack.c">
      <Filter>exu</Filter>
    </ClCompile>
    <ClCompile Include="src\biu\biu_registers.c">
      <Filter>biu</Filter>
    </ClCompile>
  </ItemGroup>
  <ItemGroup>
    <ClInclude Include="src\exu\exu_pub_flags.h">
      <Filter>Header Files</Filter>
    </ClInclude>
    <ClInclude Include="src\exu\exu_pub_registers.h">
      <Filter>Header Files</Filter>
    </ClInclude>
    <ClInclude Include="src\biu\biu_pub_registers.h">
      <Filter>Header Files</Filter>
    </ClInclude>
  </ItemGroup>
</Project>